
Microsoft Visual Studio Solution File, Format Version 12.00
# Visual Studio Version 17
VisualStudioVersion = 17.1.32228.430
MinimumVisualStudioVersion = 10.0.40219.1
Project("{9A19103F-16F7-4668-BE54-9A1E7A4F7556}") = "Hanabi", "Hanabi\Hanabi.csproj", "{0C020B1C-26D2-416B-B5E3-E8A824694BFF}"
EndProject
Project("{9A19103F-16F7-4668-BE54-9A1E7A4F7556}") = "HanabiTests", "HanabiTests\HanabiTests.csproj", "{AAEF5F03-9536-4456-935E-EB3D7FFC6A75}"
EndProject
Project("{FAE04EC0-301F-11D3-BF4B-00C04F79EFBC}") = "Agents", "Agents\Agents.csproj", "{D11ED5D8-F299-455B-9DDB-A3B8A0E164EE}"
EndProject
Project("{FAE04EC0-301F-11D3-BF4B-00C04F79EFBC}") = "AgentTests", "AgentTests\AgentTests.csproj", "{DD45D154-79D0-48EA-9325-B2DD07F7AA63}"
EndProject
Global
	GlobalSection(SolutionConfigurationPlatforms) = preSolution
		Debug|Any CPU = Debug|Any CPU
		Release|Any CPU = Release|Any CPU
	EndGlobalSection
	GlobalSection(ProjectConfigurationPlatforms) = postSolution
		{0C020B1C-26D2-416B-B5E3-E8A824694BFF}.Debug|Any CPU.ActiveCfg = Debug|Any CPU
		{0C020B1C-26D2-416B-B5E3-E8A824694BFF}.Debug|Any CPU.Build.0 = Debug|Any CPU
		{0C020B1C-26D2-416B-B5E3-E8A824694BFF}.Release|Any CPU.ActiveCfg = Release|Any CPU
		{0C020B1C-26D2-416B-B5E3-E8A824694BFF}.Release|Any CPU.Build.0 = Release|Any CPU
		{AAEF5F03-9536-4456-935E-EB3D7FFC6A75}.Debug|Any CPU.ActiveCfg = Debug|Any CPU
		{AAEF5F03-9536-4456-935E-EB3D7FFC6A75}.Debug|Any CPU.Build.0 = Debug|Any CPU
		{AAEF5F03-9536-4456-935E-EB3D7FFC6A75}.Release|Any CPU.ActiveCfg = Release|Any CPU
		{AAEF5F03-9536-4456-935E-EB3D7FFC6A75}.Release|Any CPU.Build.0 = Release|Any CPU
		{D11ED5D8-F299-455B-9DDB-A3B8A0E164EE}.Debug|Any CPU.ActiveCfg = Debug|Any CPU
		{D11ED5D8-F299-455B-9DDB-A3B8A0E164EE}.Debug|Any CPU.Build.0 = Debug|Any CPU
		{D11ED5D8-F299-455B-9DDB-A3B8A0E164EE}.Release|Any CPU.ActiveCfg = Release|Any CPU
		{D11ED5D8-F299-455B-9DDB-A3B8A0E164EE}.Release|Any CPU.Build.0 = Release|Any CPU
		{DD45D154-79D0-48EA-9325-B2DD07F7AA63}.Debug|Any CPU.ActiveCfg = Debug|Any CPU
		{DD45D154-79D0-48EA-9325-B2DD07F7AA63}.Debug|Any CPU.Build.0 = Debug|Any CPU
		{DD45D154-79D0-48EA-9325-B2DD07F7AA63}.Release|Any CPU.ActiveCfg = Release|Any CPU
		{DD45D154-79D0-48EA-9325-B2DD07F7AA63}.Release|Any CPU.Build.0 = Release|Any CPU
	EndGlobalSection
	GlobalSection(SolutionProperties) = preSolution
		HideSolutionNode = FALSE
	EndGlobalSection
	GlobalSection(ExtensibilityGlobals) = postSolution
		SolutionGuid = {AE92CD67-43E1-4F1D-ABA1-CDA05B4EC5E5}
	EndGlobalSection
EndGlobal
